
Microsoft Visual Studio Solution File, Format Version 12.00
Project("{FAE04EC0-301F-11D3-BF4B-00C04F79EFBC}") = "DataScraper", "DataScraper\DataScraper.csproj", "{60FB14FD-AC15-41A2-9E44-C06E7D0537E2}"
EndProject
Project("{FAE04EC0-301F-11D3-BF4B-00C04F79EFBC}") = "DevConsole", "DevConsole\DevConsole.csproj", "{F1597BA1-5E1D-44DD-A2F5-2EC2D6337B02}"
EndProject
Project("{FAE04EC0-301F-11D3-BF4B-00C04F79EFBC}") = "KertiLCU", "KertiLCU\KertiLCU.csproj", "{3B0FA5FE-7CC5-49C3-BC8A-B31959C0EAD8}"
EndProject
Project("{FAE04EC0-301F-11D3-BF4B-00C04F79EFBC}") = "KertiRiot", "KertiRiot\KertiRiot.csproj", "{AF7665E5-3E25-4611-B15F-F67CFED2EE1F}"
EndProject
Global
	GlobalSection(SolutionConfigurationPlatforms) = preSolution
		Debug|Any CPU = Debug|Any CPU
		Release|Any CPU = Release|Any CPU
	EndGlobalSection
	GlobalSection(ProjectConfigurationPlatforms) = postSolution
		{60FB14FD-AC15-41A2-9E44-C06E7D0537E2}.Debug|Any CPU.ActiveCfg = Debug|Any CPU
		{60FB14FD-AC15-41A2-9E44-C06E7D0537E2}.Debug|Any CPU.Build.0 = Debug|Any CPU
		{60FB14FD-AC15-41A2-9E44-C06E7D0537E2}.Release|Any CPU.ActiveCfg = Release|Any CPU
		{60FB14FD-AC15-41A2-9E44-C06E7D0537E2}.Release|Any CPU.Build.0 = Release|Any CPU
		{F1597BA1-5E1D-44DD-A2F5-2EC2D6337B02}.Debug|Any CPU.ActiveCfg = Debug|Any CPU
		{F1597BA1-5E1D-44DD-A2F5-2EC2D6337B02}.Debug|Any CPU.Build.0 = Debug|Any CPU
		{F1597BA1-5E1D-44DD-A2F5-2EC2D6337B02}.Release|Any CPU.ActiveCfg = Release|Any CPU
		{F1597BA1-5E1D-44DD-A2F5-2EC2D6337B02}.Release|Any CPU.Build.0 = Release|Any CPU
		{3B0FA5FE-7CC5-49C3-BC8A-B31959C0EAD8}.Debug|Any CPU.ActiveCfg = Debug|Any CPU
		{3B0FA5FE-7CC5-49C3-BC8A-B31959C0EAD8}.Debug|Any CPU.Build.0 = Debug|Any CPU
		{3B0FA5FE-7CC5-49C3-BC8A-B31959C0EAD8}.Release|Any CPU.ActiveCfg = Release|Any CPU
		{3B0FA5FE-7CC5-49C3-BC8A-B31959C0EAD8}.Release|Any CPU.Build.0 = Release|Any CPU
		{AF7665E5-3E25-4611-B15F-F67CFED2EE1F}.Debug|Any CPU.ActiveCfg = Debug|Any CPU
		{AF7665E5-3E25-4611-B15F-F67CFED2EE1F}.Debug|Any CPU.Build.0 = Debug|Any CPU
		{AF7665E5-3E25-4611-B15F-F67CFED2EE1F}.Release|Any CPU.ActiveCfg = Release|Any CPU
		{AF7665E5-3E25-4611-B15F-F67CFED2EE1F}.Release|Any CPU.Build.0 = Release|Any CPU
	EndGlobalSection
EndGlobal
